
Microsoft Visual Studio Solution File, Format Version 12.00
# Visual Studio Version 16
VisualStudioVersion = 16.0.32106.194
MinimumVisualStudioVersion = 10.0.40219.1
Project("{8BC9CEB8-8B4A-11D0-8D11-00A0C91BC942}") = "OneWeekWithCUDA", "OneWeekWithCUDA\OneWeekWithCUDA.vcxproj", "{332F5D4A-F729-4E93-B193-59F2C140CD4A}"
EndProject
Global
	GlobalSection(SolutionConfigurationPlatforms) = preSolution
		Debug|x64 = Debug|x64
		Release|x64 = Release|x64
	EndGlobalSection
	GlobalSection(ProjectConfigurationPlatforms) = postSolution
		{332F5D4A-F729-4E93-B193-59F2C140CD4A}.Debug|x64.ActiveCfg = Debug|x64
		{332F5D4A-F729-4E93-B193-59F2C140CD4A}.Debug|x64.Build.0 = Debug|x64
		{332F5D4A-F729-4E93-B193-59F2C140CD4A}.Release|x64.ActiveCfg = Release|x64
		{332F5D4A-F729-4E93-B193-59F2C140CD4A}.Release|x64.Build.0 = Release|x64
	EndGlobalSection
	GlobalSection(SolutionProperties) = preSolution
		HideSolutionNode = FALSE
	EndGlobalSection
	GlobalSection(ExtensibilityGlobals) = postSolution
		SolutionGuid = {C5DDFB05-9B08-4F43-9CD0-0A83AE123932}
	EndGlobalSection
EndGlobal
